
Microsoft Visual Studio Solution File, Format Version 12.00
# Visual Studio 15
VisualStudioVersion = 15.0.28307.106
MinimumVisualStudioVersion = 10.0.40219.1
Project("{FAE04EC0-301F-11D3-BF4B-00C04F79EFBC}") = "01.Socks", "01.Socks\01.Socks.csproj", "{A67495A3-52C8-4592-9094-5A7D279DD3C5}"
EndProject
Project("{FAE04EC0-301F-11D3-BF4B-00C04F79EFBC}") = "02.ExcelFunctions", "02.ExcelFunctions\02.ExcelFunctions.csproj", "{1477FB50-2AC8-45E9-8945-4AA6FA5105C1}"
EndProject
Project("{FAE04EC0-301F-11D3-BF4B-00C04F79EFBC}") = "03.Repository", "03.Repository\03.Repository.csproj", "{F8C1460B-B285-42EA-92CD-CD6A475D0349}"
EndProject
Global
	GlobalSection(SolutionConfigurationPlatforms) = preSolution
		Debug|Any CPU = Debug|Any CPU
		Release|Any CPU = Release|Any CPU
	EndGlobalSection
	GlobalSection(ProjectConfigurationPlatforms) = postSolution
		{A67495A3-52C8-4592-9094-5A7D279DD3C5}.Debug|Any CPU.ActiveCfg = Debug|Any CPU
		{A67495A3-52C8-4592-9094-5A7D279DD3C5}.Debug|Any CPU.Build.0 = Debug|Any CPU
		{A67495A3-52C8-4592-9094-5A7D279DD3C5}.Release|Any CPU.ActiveCfg = Release|Any CPU
		{A67495A3-52C8-4592-9094-5A7D279DD3C5}.Release|Any CPU.Build.0 = Release|Any CPU
		{1477FB50-2AC8-45E9-8945-4AA6FA5105C1}.Debug|Any CPU.ActiveCfg = Debug|Any CPU
		{1477FB50-2AC8-45E9-8945-4AA6FA5105C1}.Debug|Any CPU.Build.0 = Debug|Any CPU
		{1477FB50-2AC8-45E9-8945-4AA6FA5105C1}.Release|Any CPU.ActiveCfg = Release|Any CPU
		{1477FB50-2AC8-45E9-8945-4AA6FA5105C1}.Release|Any CPU.Build.0 = Release|Any CPU
		{F8C1460B-B285-42EA-92CD-CD6A475D0349}.Debug|Any CPU.ActiveCfg = Debug|Any CPU
		{F8C1460B-B285-42EA-92CD-CD6A475D0349}.Debug|Any CPU.Build.0 = Debug|Any CPU
		{F8C1460B-B285-42EA-92CD-CD6A475D0349}.Release|Any CPU.ActiveCfg = Release|Any CPU
		{F8C1460B-B285-42EA-92CD-CD6A475D0349}.Release|Any CPU.Build.0 = Release|Any CPU
	EndGlobalSection
	GlobalSection(SolutionProperties) = preSolution
		HideSolutionNode = FALSE
	EndGlobalSection
	GlobalSection(ExtensibilityGlobals) = postSolution
		SolutionGuid = {A9AC9123-561F-4D8E-A2BF-D4B2BF82EEB6}
	EndGlobalSection
EndGlobal
