
Microsoft Visual Studio Solution File, Format Version 12.00
# Visual Studio 15
VisualStudioVersion = 15.0.28307.421
MinimumVisualStudioVersion = 10.0.40219.1
Project("{FAE04EC0-301F-11D3-BF4B-00C04F79EFBC}") = "01. Hospital", "01. Hospital\01. Hospital.csproj", "{0CDF1710-5B21-4EE2-9849-DBBD5B02525A}"
EndProject
Project("{FAE04EC0-301F-11D3-BF4B-00C04F79EFBC}") = "02. Sneaking", "02. Sneaking\02. Sneaking.csproj", "{72DE8967-1771-4B21-95E0-9FAD2761431B}"
EndProject
Project("{FAE04EC0-301F-11D3-BF4B-00C04F79EFBC}") = "03.SoftUniParking", "03.SoftUniParking\03.SoftUniParking.csproj", "{9C2423E2-3552-44C1-A33C-D8876B0541AF}"
EndProject
Global
	GlobalSection(SolutionConfigurationPlatforms) = preSolution
		Debug|Any CPU = Debug|Any CPU
		Release|Any CPU = Release|Any CPU
	EndGlobalSection
	GlobalSection(ProjectConfigurationPlatforms) = postSolution
		{0CDF1710-5B21-4EE2-9849-DBBD5B02525A}.Debug|Any CPU.ActiveCfg = Debug|Any CPU
		{0CDF1710-5B21-4EE2-9849-DBBD5B02525A}.Debug|Any CPU.Build.0 = Debug|Any CPU
		{0CDF1710-5B21-4EE2-9849-DBBD5B02525A}.Release|Any CPU.ActiveCfg = Release|Any CPU
		{0CDF1710-5B21-4EE2-9849-DBBD5B02525A}.Release|Any CPU.Build.0 = Release|Any CPU
		{72DE8967-1771-4B21-95E0-9FAD2761431B}.Debug|Any CPU.ActiveCfg = Debug|Any CPU
		{72DE8967-1771-4B21-95E0-9FAD2761431B}.Debug|Any CPU.Build.0 = Debug|Any CPU
		{72DE8967-1771-4B21-95E0-9FAD2761431B}.Release|Any CPU.ActiveCfg = Release|Any CPU
		{72DE8967-1771-4B21-95E0-9FAD2761431B}.Release|Any CPU.Build.0 = Release|Any CPU
		{9C2423E2-3552-44C1-A33C-D8876B0541AF}.Debug|Any CPU.ActiveCfg = Debug|Any CPU
		{9C2423E2-3552-44C1-A33C-D8876B0541AF}.Debug|Any CPU.Build.0 = Debug|Any CPU
		{9C2423E2-3552-44C1-A33C-D8876B0541AF}.Release|Any CPU.ActiveCfg = Release|Any CPU
		{9C2423E2-3552-44C1-A33C-D8876B0541AF}.Release|Any CPU.Build.0 = Release|Any CPU
	EndGlobalSection
	GlobalSection(SolutionProperties) = preSolution
		HideSolutionNode = FALSE
	EndGlobalSection
	GlobalSection(ExtensibilityGlobals) = postSolution
		SolutionGuid = {F739DD93-F68D-4FE0-AB06-8C200C2B83D7}
	EndGlobalSection
EndGlobal
